
Microsoft Visual Studio Solution File, Format Version 12.00
# Visual Studio 2013
VisualStudioVersion = 12.0.21005.1
MinimumVisualStudioVersion = 10.0.40219.1
Project("{FAE04EC0-301F-11D3-BF4B-00C04F79EFBC}") = "ET.Web", "ET.Web\ET.Web.csproj", "{FEE875C5-07DE-4752-AC4F-ACBE71898D24}"
EndProject
Project("{FAE04EC0-301F-11D3-BF4B-00C04F79EFBC}") = "ET.Constant", "ET.Constant\ET.Constant.csproj", "{66334CB9-10D3-469D-9287-3CECA173C00D}"
EndProject
Project("{FAE04EC0-301F-11D3-BF4B-00C04F79EFBC}") = "ET.AssemblyLibrary", "ET.AssemblyLibrary\ET.AssemblyLibrary.csproj", "{836CD392-F54A-4908-934B-B3399F8071AE}"
EndProject
Project("{FAE04EC0-301F-11D3-BF4B-00C04F79EFBC}") = "ET.Sys_DEF", "ET.Sys_DEF\ET.Sys_DEF.csproj", "{95FDFC82-0183-4F86-AABD-12DC6FFA3ABC}"
EndProject
Project("{FAE04EC0-301F-11D3-BF4B-00C04F79EFBC}") = "ET.Sys_Base", "ET.Sys_Base\ET.Sys_Base.csproj", "{5FDCB3BA-BF09-4025-BBF4-BA9C5153734C}"
EndProject
Project("{FAE04EC0-301F-11D3-BF4B-00C04F79EFBC}") = "ET.Sys_BLL", "ET.Sys_BLL\ET.Sys_BLL.csproj", "{C4734585-5CA3-4CA5-8EBE-A799DFB4A1DC}"
EndProject
Project("{FAE04EC0-301F-11D3-BF4B-00C04F79EFBC}") = "ET.Weixin.CommonService", "ET.Weixin.CommonService\ET.Weixin.CommonService.csproj", "{CCD291E9-16FA-4B53-B032-EBD3F659567B}"
EndProject
Project("{FAE04EC0-301F-11D3-BF4B-00C04F79EFBC}") = "ET.Weixin.Web", "ET.WxWeb\ET.Weixin.Web.csproj", "{BF2884F8-13E3-4CC7-837D-FF42F2E657AE}"
EndProject
Global
	GlobalSection(SolutionConfigurationPlatforms) = preSolution
		Debug|Any CPU = Debug|Any CPU
		Release|Any CPU = Release|Any CPU
	EndGlobalSection
	GlobalSection(ProjectConfigurationPlatforms) = postSolution
		{FEE875C5-07DE-4752-AC4F-ACBE71898D24}.Debug|Any CPU.ActiveCfg = Debug|Any CPU
		{FEE875C5-07DE-4752-AC4F-ACBE71898D24}.Debug|Any CPU.Build.0 = Debug|Any CPU
		{FEE875C5-07DE-4752-AC4F-ACBE71898D24}.Release|Any CPU.ActiveCfg = Release|Any CPU
		{FEE875C5-07DE-4752-AC4F-ACBE71898D24}.Release|Any CPU.Build.0 = Release|Any CPU
		{66334CB9-10D3-469D-9287-3CECA173C00D}.Debug|Any CPU.ActiveCfg = Debug|Any CPU
		{66334CB9-10D3-469D-9287-3CECA173C00D}.Debug|Any CPU.Build.0 = Debug|Any CPU
		{66334CB9-10D3-469D-9287-3CECA173C00D}.Release|Any CPU.ActiveCfg = Release|Any CPU
		{66334CB9-10D3-469D-9287-3CECA173C00D}.Release|Any CPU.Build.0 = Release|Any CPU
		{836CD392-F54A-4908-934B-B3399F8071AE}.Debug|Any CPU.ActiveCfg = Debug|Any CPU
		{836CD392-F54A-4908-934B-B3399F8071AE}.Debug|Any CPU.Build.0 = Debug|Any CPU
		{836CD392-F54A-4908-934B-B3399F8071AE}.Release|Any CPU.ActiveCfg = Release|Any CPU
		{836CD392-F54A-4908-934B-B3399F8071AE}.Release|Any CPU.Build.0 = Release|Any CPU
		{95FDFC82-0183-4F86-AABD-12DC6FFA3ABC}.Debug|Any CPU.ActiveCfg = Debug|Any CPU
		{95FDFC82-0183-4F86-AABD-12DC6FFA3ABC}.Debug|Any CPU.Build.0 = Debug|Any CPU
		{95FDFC82-0183-4F86-AABD-12DC6FFA3ABC}.Release|Any CPU.ActiveCfg = Release|Any CPU
		{95FDFC82-0183-4F86-AABD-12DC6FFA3ABC}.Release|Any CPU.Build.0 = Release|Any CPU
		{5FDCB3BA-BF09-4025-BBF4-BA9C5153734C}.Debug|Any CPU.ActiveCfg = Debug|Any CPU
		{5FDCB3BA-BF09-4025-BBF4-BA9C5153734C}.Debug|Any CPU.Build.0 = Debug|Any CPU
		{5FDCB3BA-BF09-4025-BBF4-BA9C5153734C}.Release|Any CPU.ActiveCfg = Release|Any CPU
		{5FDCB3BA-BF09-4025-BBF4-BA9C5153734C}.Release|Any CPU.Build.0 = Release|Any CPU
		{C4734585-5CA3-4CA5-8EBE-A799DFB4A1DC}.Debug|Any CPU.ActiveCfg = Debug|Any CPU
		{C4734585-5CA3-4CA5-8EBE-A799DFB4A1DC}.Debug|Any CPU.Build.0 = Debug|Any CPU
		{C4734585-5CA3-4CA5-8EBE-A799DFB4A1DC}.Release|Any CPU.ActiveCfg = Release|Any CPU
		{C4734585-5CA3-4CA5-8EBE-A799DFB4A1DC}.Release|Any CPU.Build.0 = Release|Any CPU
		{CCD291E9-16FA-4B53-B032-EBD3F659567B}.Debug|Any CPU.ActiveCfg = Debug|Any CPU
		{CCD291E9-16FA-4B53-B032-EBD3F659567B}.Debug|Any CPU.Build.0 = Debug|Any CPU
		{CCD291E9-16FA-4B53-B032-EBD3F659567B}.Release|Any CPU.ActiveCfg = Release|Any CPU
		{CCD291E9-16FA-4B53-B032-EBD3F659567B}.Release|Any CPU.Build.0 = Release|Any CPU
		{BF2884F8-13E3-4CC7-837D-FF42F2E657AE}.Debug|Any CPU.ActiveCfg = Debug|Any CPU
		{BF2884F8-13E3-4CC7-837D-FF42F2E657AE}.Debug|Any CPU.Build.0 = Debug|Any CPU
		{BF2884F8-13E3-4CC7-837D-FF42F2E657AE}.Release|Any CPU.ActiveCfg = Release|Any CPU
		{BF2884F8-13E3-4CC7-837D-FF42F2E657AE}.Release|Any CPU.Build.0 = Release|Any CPU
	EndGlobalSection
	GlobalSection(SolutionProperties) = preSolution
		HideSolutionNode = FALSE
	EndGlobalSection
EndGlobal
